// !$*UTF8*$!
{
	archiveVersion = 1;
	classes = {
	};
	objectVersion = 46;
	objects = {

/* Begin PBXBuildFile section */
		1D97E9031EE7C3CF001C57BA /* Main.storyboard in Resources */ = {isa = PBXBuildFile; fileRef = 1D97E9011EE7C3CF001C57BA /* Main.storyboard */; };
		1D97E9051EE7C3CF001C57BA /* Assets.xcassets in Resources */ = {isa = PBXBuildFile; fileRef = 1D97E9041EE7C3CF001C57BA /* Assets.xcassets */; };
		1D97E9081EE7C3CF001C57BA /* LaunchScreen.storyboard in Resources */ = {isa = PBXBuildFile; fileRef = 1D97E9061EE7C3CF001C57BA /* LaunchScreen.storyboard */; };
		1D97E9141EE7CD2C001C57BA /* AppDelegate.swift in Sources */ = {isa = PBXBuildFile; fileRef = 1D97E9111EE7CD2C001C57BA /* AppDelegate.swift */; };
		1D97E9151EE7CD2C001C57BA /* ViewController.swift in Sources */ = {isa = PBXBuildFile; fileRef = 1D97E9131EE7CD2C001C57BA /* ViewController.swift */; };
		1D97EA1B1EE7CD61001C57BA /* CountryCodeCell.swift in Sources */ = {isa = PBXBuildFile; fileRef = 1D97E9181EE7CD60001C57BA /* CountryCodeCell.swift */; };
		1D97EA1C1EE7CD61001C57BA /* CountryCodeVC.swift in Sources */ = {isa = PBXBuildFile; fileRef = 1D97E9191EE7CD60001C57BA /* CountryCodeVC.swift */; };
		412A5EBE267C7CE300AB5FB8 /* Constant.swift in Sources */ = {isa = PBXBuildFile; fileRef = 412A5EBD267C7CE300AB5FB8 /* Constant.swift */; };
		4133A98D2519D76A0066C1B4 /* CountryData.bundle in Resources */ = {isa = PBXBuildFile; fileRef = 4133A98B2519D6790066C1B4 /* CountryData.bundle */; };
		41F7ACFF26831CFA0047E723 /* CountriesResponseModel.swift in Sources */ = {isa = PBXBuildFile; fileRef = 41F7ACFE26831CFA0047E723 /* CountriesResponseModel.swift */; };
/* End PBXBuildFile section */

/* Begin PBXFileReference section */
		1D97E8FA1EE7C3CF001C57BA /* CountryCodePicker.app */ = {isa = PBXFileReference; explicitFileType = wrapper.application; includeInIndex = 0; path = CountryCodePicker.app; sourceTree = BUILT_PRODUCTS_DIR; };
		1D97E9021EE7C3CF001C57BA /* Base */ = {isa = PBXFileReference; lastKnownFileType = file.storyboard; name = Base; path = Base.lproj/Main.storyboard; sourceTree = "<group>"; };
		1D97E9041EE7C3CF001C57BA /* Assets.xcassets */ = {isa = PBXFileReference; lastKnownFileType = folder.assetcatalog; path = Assets.xcassets; sourceTree = "<group>"; };
		1D97E9071EE7C3CF001C57BA /* Base */ = {isa = PBXFileReference; lastKnownFileType = file.storyboard; name = Base; path = Base.lproj/LaunchScreen.storyboard; sourceTree = "<group>"; };
		1D97E9091EE7C3CF001C57BA /* Info.plist */ = {isa = PBXFileReference; lastKnownFileType = text.plist.xml; path = Info.plist; sourceTree = "<group>"; };
		1D97E9111EE7CD2C001C57BA /* AppDelegate.swift */ = {isa = PBXFileReference; fileEncoding = 4; lastKnownFileType = sourcecode.swift; path = AppDelegate.swift; sourceTree = "<group>"; };
		1D97E9131EE7CD2C001C57BA /* ViewController.swift */ = {isa = PBXFileReference; fileEncoding = 4; lastKnownFileType = sourcecode.swift; path = ViewController.swift; sourceTree = "<group>"; };
		1D97E9181EE7CD60001C57BA /* CountryCodeCell.swift */ = {isa = PBXFileReference; fileEncoding = 4; lastKnownFileType = sourcecode.swift; path = CountryCodeCell.swift; sourceTree = "<group>"; };
		1D97E9191EE7CD60001C57BA /* CountryCodeVC.swift */ = {isa = PBXFileReference; fileEncoding = 4; lastKnownFileType = sourcecode.swift; path = CountryCodeVC.swift; sourceTree = "<group>"; };
		412A5EBD267C7CE300AB5FB8 /* Constant.swift */ = {isa = PBXFileReference; lastKnownFileType = sourcecode.swift; path = Constant.swift; sourceTree = "<group>"; };
		4133A98B2519D6790066C1B4 /* CountryData.bundle */ = {isa = PBXFileReference; lastKnownFileType = "wrapper.plug-in"; path = CountryData.bundle; sourceTree = "<group>"; };
		41F7ACFE26831CFA0047E723 /* CountriesResponseModel.swift */ = {isa = PBXFileReference; lastKnownFileType = sourcecode.swift; path = CountriesResponseModel.swift; sourceTree = "<group>"; };
/* End PBXFileReference section */

/* Begin PBXFrameworksBuildPhase section */
		1D97E8F71EE7C3CF001C57BA /* Frameworks */ = {
			isa = PBXFrameworksBuildPhase;
			buildActionMask = 2147483647;
			files = (
			);
			runOnlyForDeploymentPostprocessing = 0;
		};
/* End PBXFrameworksBuildPhase section */

/* Begin PBXGroup section */
		1D97E8F11EE7C3CF001C57BA = {
			isa = PBXGroup;
			children = (
				1D97E8FC1EE7C3CF001C57BA /* CountryCodePicker */,
				1D97E8FB1EE7C3CF001C57BA /* Products */,
			);
			sourceTree = "<group>";
		};
		1D97E8FB1EE7C3CF001C57BA /* Products */ = {
			isa = PBXGroup;
			children = (
				1D97E8FA1EE7C3CF001C57BA /* CountryCodePicker.app */,
			);
			name = Products;
			sourceTree = "<group>";
		};
		1D97E8FC1EE7C3CF001C57BA /* CountryCodePicker */ = {
			isa = PBXGroup;
			children = (
				1D97E9101EE7CD2C001C57BA /* Application */,
				1D97E9121EE7CD2C001C57BA /* Controller */,
				1D97E90F1EE7CD04001C57BA /* Support */,
			);
			path = CountryCodePicker;
			sourceTree = "<group>";
		};
		1D97E90F1EE7CD04001C57BA /* Support */ = {
			isa = PBXGroup;
			children = (
				1D97E9011EE7C3CF001C57BA /* Main.storyboard */,
				1D97E9041EE7C3CF001C57BA /* Assets.xcassets */,
				1D97E9061EE7C3CF001C57BA /* LaunchScreen.storyboard */,
				1D97E9091EE7C3CF001C57BA /* Info.plist */,
			);
			name = Support;
			sourceTree = "<group>";
		};
		1D97E9101EE7CD2C001C57BA /* Application */ = {
			isa = PBXGroup;
			children = (
				1D97E9111EE7CD2C001C57BA /* AppDelegate.swift */,
			);
			path = Application;
			sourceTree = "<group>";
		};
		1D97E9121EE7CD2C001C57BA /* Controller */ = {
			isa = PBXGroup;
			children = (
				1D97E9161EE7CD60001C57BA /* CountryCodeVC */,
				1D97E9131EE7CD2C001C57BA /* ViewController.swift */,
			);
			path = Controller;
			sourceTree = "<group>";
		};
		1D97E9161EE7CD60001C57BA /* CountryCodeVC */ = {
			isa = PBXGroup;
			children = (
				1D97E9171EE7CD60001C57BA /* Resources */,
			);
			path = CountryCodeVC;
			sourceTree = "<group>";
		};
		1D97E9171EE7CD60001C57BA /* Resources */ = {
			isa = PBXGroup;
			children = (
				412A5EBD267C7CE300AB5FB8 /* Constant.swift */,
				41F7ACFE26831CFA0047E723 /* CountriesResponseModel.swift */,
				1D97E9181EE7CD60001C57BA /* CountryCodeCell.swift */,
				1D97E9191EE7CD60001C57BA /* CountryCodeVC.swift */,
				4133A98B2519D6790066C1B4 /* CountryData.bundle */,
			);
			path = Resources;
			sourceTree = "<group>";
		};
/* End PBXGroup section */

/* Begin PBXNativeTarget section */
		1D97E8F91EE7C3CF001C57BA /* CountryCodePicker */ = {
			isa = PBXNativeTarget;
			buildConfigurationList = 1D97E90C1EE7C3CF001C57BA /* Build configuration list for PBXNativeTarget "CountryCodePicker" */;
			buildPhases = (
				1D97E8F61EE7C3CF001C57BA /* Sources */,
				1D97E8F71EE7C3CF001C57BA /* Frameworks */,
				1D97E8F81EE7C3CF001C57BA /* Resources */,
			);
			buildRules = (
			);
			dependencies = (
			);
			name = CountryCodePicker;
			productName = CountryCodePicker;
			productReference = 1D97E8FA1EE7C3CF001C57BA /* CountryCodePicker.app */;
			productType = "com.apple.product-type.application";
		};
/* End PBXNativeTarget section */

/* Begin PBXProject section */
		1D97E8F21EE7C3CF001C57BA /* Project object */ = {
			isa = PBXProject;
			attributes = {
				LastSwiftUpdateCheck = 0830;
				LastUpgradeCheck = 0830;
				ORGANIZATIONNAME = 2ntkh;
				TargetAttributes = {
					1D97E8F91EE7C3CF001C57BA = {
						CreatedOnToolsVersion = 8.3.2;
						DevelopmentTeam = S7S6D29WM4;
						ProvisioningStyle = Automatic;
					};
				};
			};
			buildConfigurationList = 1D97E8F51EE7C3CF001C57BA /* Build configuration list for PBXProject "CountryCodePicker" */;
			compatibilityVersion = "Xcode 3.2";
			developmentRegion = English;
			hasScannedForEncodings = 0;
			knownRegions = (
				English,
				en,
				Base,
			);
			mainGroup = 1D97E8F11EE7C3CF001C57BA;
			productRefGroup = 1D97E8FB1EE7C3CF001C57BA /* Products */;
			projectDirPath = "";
			projectRoot = "";
			targets = (
				1D97E8F91EE7C3CF001C57BA /* CountryCodePicker */,
			);
		};
/* End PBXProject section */

/* Begin PBXResourcesBuildPhase section */
		1D97E8F81EE7C3CF001C57BA /* Resources */ = {
			isa = PBXResourcesBuildPhase;
			buildActionMask = 2147483647;
			files = (
				4133A98D2519D76A0066C1B4 /* CountryData.bundle in Resources */,
				1D97E9081EE7C3CF001C57BA /* LaunchScreen.storyboard in Resources */,
				1D97E9051EE7C3CF001C57BA /* Assets.xcassets in Resources */,
				1D97E9031EE7C3CF001C57BA /* Main.storyboard in Resources */,
			);
			runOnlyForDeploymentPostprocessing = 0;
		};
/* End PBXResourcesBuildPhase section */

/* Begin PBXSourcesBuildPhase section */
		1D97E8F61EE7C3CF001C57BA /* Sources */ = {
			isa = PBXSourcesBuildPhase;
			buildActionMask = 2147483647;
			files = (
				1D97E9151EE7CD2C001C57BA /* ViewController.swift in Sources */,
				1D97E9141EE7CD2C001C57BA /* AppDelegate.swift in Sources */,
				412A5EBE267C7CE300AB5FB8 /* Constant.swift in Sources */,
				41F7ACFF26831CFA0047E723 /* CountriesResponseModel.swift in Sources */,
				1D97EA1C1EE7CD61001C57BA /* CountryCodeVC.swift in Sources */,
				1D97EA1B1EE7CD61001C57BA /* CountryCodeCell.swift in Sources */,
			);
			runOnlyForDeploymentPostprocessing = 0;
		};
/* End PBXSourcesBuildPhase section */

/* Begin PBXVariantGroup section */
		1D97E9011EE7C3CF001C57BA /* Main.storyboard */ = {
			isa = PBXVariantGroup;
			children = (
				1D97E9021EE7C3CF001C57BA /* Base */,
			);
			name = Main.storyboard;
			sourceTree = "<group>";
		};
		1D97E9061EE7C3CF001C57BA /* LaunchScreen.storyboard */ = {
			isa = PBXVariantGroup;
			children = (
				1D97E9071EE7C3CF001C57BA /* Base */,
			);
			name = LaunchScreen.storyboard;
			sourceTree = "<group>";
		};
/* End PBXVariantGroup section */

/* Begin XCBuildConfiguration section */
		1D97E90A1EE7C3CF001C57BA /* Debug */ = {
			isa = XCBuildConfiguration;
			buildSettings = {
				ALWAYS_SEARCH_USER_PATHS = NO;
				CLANG_ANALYZER_NONNULL = YES;
				CLANG_ANALYZER_NUMBER_OBJECT_CONVERSION = YES_AGGRESSIVE;
				CLANG_CXX_LANGUAGE_STANDARD = "gnu++0x";
				CLANG_CXX_LIBRARY = "libc++";
				CLANG_ENABLE_MODULES = YES;
				CLANG_ENABLE_OBJC_ARC = YES;
				CLANG_WARN_BOOL_CONVERSION = YES;
				CLANG_WARN_CONSTANT_CONVERSION = YES;
				CLANG_WARN_DIRECT_OBJC_ISA_USAGE = YES_ERROR;
				CLANG_WARN_DOCUMENTATION_COMMENTS = YES;
				CLANG_WARN_EMPTY_BODY = YES;
				CLANG_WARN_ENUM_CONVERSION = YES;
				CLANG_WARN_INFINITE_RECURSION = YES;
				CLANG_WARN_INT_CONVERSION = YES;
				CLANG_WARN_OBJC_ROOT_CLASS = YES_ERROR;
				CLANG_WARN_SUSPICIOUS_MOVE = YES;
				CLANG_WARN_UNREACHABLE_CODE = YES;
				CLANG_WARN__DUPLICATE_METHOD_MATCH = YES;
				"CODE_SIGN_IDENTITY[sdk=iphoneos*]" = "iPhone Developer";
				COPY_PHASE_STRIP = NO;
				DEBUG_INFORMATION_FORMAT = dwarf;
				ENABLE_STRICT_OBJC_MSGSEND = YES;
				ENABLE_TESTABILITY = YES;
				GCC_C_LANGUAGE_STANDARD = gnu99;
				GCC_DYNAMIC_NO_PIC = NO;
				GCC_NO_COMMON_BLOCKS = YES;
				GCC_OPTIMIZATION_LEVEL = 0;
				GCC_PREPROCESSOR_DEFINITIONS = (
					"DEBUG=1",
					"$(inherited)",
				);
				GCC_WARN_64_TO_32_BIT_CONVERSION = YES;
				GCC_WARN_ABOUT_RETURN_TYPE = YES_ERROR;
				GCC_WARN_UNDECLARED_SELECTOR = YES;
				GCC_WARN_UNINITIALIZED_AUTOS = YES_AGGRESSIVE;
				GCC_WARN_UNUSED_FUNCTION = YES;
				GCC_WARN_UNUSED_VARIABLE = YES;
				IPHONEOS_DEPLOYMENT_TARGET = 10.3;
				MTL_ENABLE_DEBUG_INFO = YES;
				ONLY_ACTIVE_ARCH = YES;
				SDKROOT = iphoneos;
				SWIFT_ACTIVE_COMPILATION_CONDITIONS = DEBUG;
				SWIFT_OPTIMIZATION_LEVEL = "-Onone";
			};
			name = Debug;
		};
		1D97E90B1EE7C3CF001C57BA /* Release */ = {
			isa = XCBuildConfiguration;
			buildSettings = {
				ALWAYS_SEARCH_USER_PATHS = NO;
				CLANG_ANALYZER_NONNULL = YES;
				CLANG_ANALYZER_NUMBER_OBJECT_CONVERSION = YES_AGGRESSIVE;
				CLANG_CXX_LANGUAGE_STANDARD = "gnu++0x";
				CLANG_CXX_LIBRARY = "libc++";
				CLANG_ENABLE_MODULES = YES;
				CLANG_ENABLE_OBJC_ARC = YES;
				CLANG_WARN_BOOL_CONVERSION = YES;
				CLANG_WARN_CONSTANT_CONVERSION = YES;
				CLANG_WARN_DIRECT_OBJC_ISA_USAGE = YES_ERROR;
				CLANG_WARN_DOCUMENTATION_COMMENTS = YES;
				CLANG_WARN_EMPTY_BODY = YES;
				CLANG_WARN_ENUM_CONVERSION = YES;
				CLANG_WARN_INFINITE_RECURSION = YES;
				CLANG_WARN_INT_CONVERSION = YES;
				CLANG_WARN_OBJC_ROOT_CLASS = YES_ERROR;
				CLANG_WARN_SUSPICIOUS_MOVE = YES;
				CLANG_WARN_UNREACHABLE_CODE = YES;
				CLANG_WARN__DUPLICATE_METHOD_MATCH = YES;
				"CODE_SIGN_IDENTITY[sdk=iphoneos*]" = "iPhone Developer";
				COPY_PHASE_STRIP = NO;
				DEBUG_INFORMATION_FORMAT = "dwarf-with-dsym";
				ENABLE_NS_ASSERTIONS = NO;
				ENABLE_STRICT_OBJC_MSGSEND = YES;
				GCC_C_LANGUAGE_STANDARD = gnu99;
				GCC_NO_COMMON_BLOCKS = YES;
				GCC_WARN_64_TO_32_BIT_CONVERSION = YES;
				GCC_WARN_ABOUT_RETURN_TYPE = YES_ERROR;
				GCC_WARN_UNDECLARED_SELECTOR = YES;
				GCC_WARN_UNINITIALIZED_AUTOS = YES_AGGRESSIVE;
				GCC_WARN_UNUSED_FUNCTION = YES;
				GCC_WARN_UNUSED_VARIABLE = YES;
				IPHONEOS_DEPLOYMENT_TARGET = 10.3;
				MTL_ENABLE_DEBUG_INFO = NO;
				SDKROOT = iphoneos;
				SWIFT_OPTIMIZATION_LEVEL = "-Owholemodule";
				VALIDATE_PRODUCT = YES;
			};
			name = Release;
		};
		1D97E90D1EE7C3CF001C57BA /* Debug */ = {
			isa = XCBuildConfiguration;
			buildSettings = {
				ASSETCATALOG_COMPILER_APPICON_NAME = AppIcon;
				DEVELOPMENT_TEAM = S7S6D29WM4;
				INFOPLIST_FILE = CountryCodePicker/Info.plist;
				LD_RUNPATH_SEARCH_PATHS = "$(inherited) @executable_path/Frameworks";
				PRODUCT_BUNDLE_IDENTIFIER = com.app.CountryCodePicker;
				PRODUCT_NAME = "$(TARGET_NAME)";
				SWIFT_VERSION = 5.0;
			};
			name = Debug;
		};
		1D97E90E1EE7C3CF001C57BA /* Release */ = {
			isa = XCBuildConfiguration;
			buildSettings = {
				ASSETCATALOG_COMPILER_APPICON_NAME = AppIcon;
				DEVELOPMENT_TEAM = S7S6D29WM4;
				INFOPLIST_FILE = CountryCodePicker/Info.plist;
				LD_RUNPATH_SEARCH_PATHS = "$(inherited) @executable_path/Frameworks";
				PRODUCT_BUNDLE_IDENTIFIER = com.app.CountryCodePicker;
				PRODUCT_NAME = "$(TARGET_NAME)";
				SWIFT_VERSION = 5.0;
			};
			name = Release;
		};
/* End XCBuildConfiguration section */

/* Begin XCConfigurationList section */
		1D97E8F51EE7C3CF001C57BA /* Build configuration list for PBXProject "CountryCodePicker" */ = {
			isa = XCConfigurationList;
			buildConfigurations = (
				1D97E90A1EE7C3CF001C57BA /* Debug */,
				1D97E90B1EE7C3CF001C57BA /* Release */,
			);
			defaultConfigurationIsVisible = 0;
			defaultConfigurationName = Release;
		};
		1D97E90C1EE7C3CF001C57BA /* Build configuration list for PBXNativeTarget "CountryCodePicker" */ = {
			isa = XCConfigurationList;
			buildConfigurations = (
				1D97E90D1EE7C3CF001C57BA /* Debug */,
				1D97E90E1EE7C3CF001C57BA /* Release */,
			);
			defaultConfigurationIsVisible = 0;
			defaultConfigurationName = Release;
		};
/* End XCConfigurationList section */
	};
	rootObject = 1D97E8F21EE7C3CF001C57BA /* Project object */;
}
